
Microsoft Visual Studio Solution File, Format Version 12.00
# Visual Studio Version 17
VisualStudioVersion = 17.1.32210.238
MinimumVisualStudioVersion = 10.0.40219.1
Project("{FAE04EC0-301F-11D3-BF4B-00C04F79EFBC}") = "LeadMeLabs-Sandbox", "LeadMeLabs-Sandbox\LeadMeLabs-Sandbox.csproj", "{5F630D4D-F333-4972-801D-E4A99FF1F803}"
EndProject
Global
	GlobalSection(SolutionConfigurationPlatforms) = preSolution
		Debug|Any CPU = Debug|Any CPU
		Release|Any CPU = Release|Any CPU
	EndGlobalSection
	GlobalSection(ProjectConfigurationPlatforms) = postSolution
		{5F630D4D-F333-4972-801D-E4A99FF1F803}.Debug|Any CPU.ActiveCfg = Debug|Any CPU
		{5F630D4D-F333-4972-801D-E4A99FF1F803}.Debug|Any CPU.Build.0 = Debug|Any CPU
		{5F630D4D-F333-4972-801D-E4A99FF1F803}.Release|Any CPU.ActiveCfg = Release|Any CPU
		{5F630D4D-F333-4972-801D-E4A99FF1F803}.Release|Any CPU.Build.0 = Release|Any CPU
	EndGlobalSection
	GlobalSection(SolutionProperties) = preSolution
		HideSolutionNode = FALSE
	EndGlobalSection
	GlobalSection(ExtensibilityGlobals) = postSolution
		SolutionGuid = {B0DCC97A-A0C5-4822-81BD-D4A0ACEB8AAB}
	EndGlobalSection
EndGlobal
